
Microsoft Visual Studio Solution File, Format Version 12.00
# Visual Studio Version 17
VisualStudioVersion = 17.2.32516.85
MinimumVisualStudioVersion = 10.0.40219.1
Project("{9A19103F-16F7-4668-BE54-9A1E7A4F7556}") = "ClienteScoreMAG", "ClienteScore.MAG\ClienteScoreMAG.csproj", "{0397B712-6D83-48F4-B740-86DE2433B8D3}"
EndProject
Global
	GlobalSection(SolutionConfigurationPlatforms) = preSolution
		Debug|Any CPU = Debug|Any CPU
		Release|Any CPU = Release|Any CPU
	EndGlobalSection
	GlobalSection(ProjectConfigurationPlatforms) = postSolution
		{0397B712-6D83-48F4-B740-86DE2433B8D3}.Debug|Any CPU.ActiveCfg = Debug|Any CPU
		{0397B712-6D83-48F4-B740-86DE2433B8D3}.Debug|Any CPU.Build.0 = Debug|Any CPU
		{0397B712-6D83-48F4-B740-86DE2433B8D3}.Release|Any CPU.ActiveCfg = Release|Any CPU
		{0397B712-6D83-48F4-B740-86DE2433B8D3}.Release|Any CPU.Build.0 = Release|Any CPU
	EndGlobalSection
	GlobalSection(SolutionProperties) = preSolution
		HideSolutionNode = FALSE
	EndGlobalSection
	GlobalSection(ExtensibilityGlobals) = postSolution
		SolutionGuid = {DACA15FC-5D0C-4AB7-B17B-A5EEBB2F7B38}
	EndGlobalSection
EndGlobal
